
Microsoft Visual Studio Solution File, Format Version 12.00
# Visual Studio Version 17
VisualStudioVersion = 17.11.35327.3
MinimumVisualStudioVersion = 10.0.40219.1
Project("{9A19103F-16F7-4668-BE54-9A1E7A4F7556}") = "100ELEMENT", "100ELEMENT\100ELEMENT.csproj", "{E4967BC9-1F70-43DA-AF59-0BAD8872DE1E}"
EndProject
Project("{9A19103F-16F7-4668-BE54-9A1E7A4F7556}") = "library1", "..\library1\library1\library1.csproj", "{9F138A7B-6F6B-4511-9A07-5F8F762CB2C1}"
EndProject
Global
	GlobalSection(SolutionConfigurationPlatforms) = preSolution
		Debug|Any CPU = Debug|Any CPU
		Release|Any CPU = Release|Any CPU
	EndGlobalSection
	GlobalSection(ProjectConfigurationPlatforms) = postSolution
		{E4967BC9-1F70-43DA-AF59-0BAD8872DE1E}.Debug|Any CPU.ActiveCfg = Debug|Any CPU
		{E4967BC9-1F70-43DA-AF59-0BAD8872DE1E}.Debug|Any CPU.Build.0 = Debug|Any CPU
		{E4967BC9-1F70-43DA-AF59-0BAD8872DE1E}.Release|Any CPU.ActiveCfg = Release|Any CPU
		{E4967BC9-1F70-43DA-AF59-0BAD8872DE1E}.Release|Any CPU.Build.0 = Release|Any CPU
		{9F138A7B-6F6B-4511-9A07-5F8F762CB2C1}.Debug|Any CPU.ActiveCfg = Debug|Any CPU
		{9F138A7B-6F6B-4511-9A07-5F8F762CB2C1}.Debug|Any CPU.Build.0 = Debug|Any CPU
		{9F138A7B-6F6B-4511-9A07-5F8F762CB2C1}.Release|Any CPU.ActiveCfg = Release|Any CPU
		{9F138A7B-6F6B-4511-9A07-5F8F762CB2C1}.Release|Any CPU.Build.0 = Release|Any CPU
	EndGlobalSection
	GlobalSection(SolutionProperties) = preSolution
		HideSolutionNode = FALSE
	EndGlobalSection
	GlobalSection(ExtensibilityGlobals) = postSolution
		SolutionGuid = {37C669DE-30CD-41B1-9D5F-B45069712912}
	EndGlobalSection
EndGlobal
